
Microsoft Visual Studio Solution File, Format Version 12.00
# Visual Studio Version 17
VisualStudioVersion = 17.8.34525.116
MinimumVisualStudioVersion = 10.0.40219.1
Project("{9A19103F-16F7-4668-BE54-9A1E7A4F7556}") = "Pri.Identity.Api", "Pri.Identity.Api\Pri.Identity.Api.csproj", "{BB0F0C5C-581E-45D2-A275-F2F7EE775583}"
EndProject
Global
	GlobalSection(SolutionConfigurationPlatforms) = preSolution
		Debug|Any CPU = Debug|Any CPU
		Release|Any CPU = Release|Any CPU
	EndGlobalSection
	GlobalSection(ProjectConfigurationPlatforms) = postSolution
		{BB0F0C5C-581E-45D2-A275-F2F7EE775583}.Debug|Any CPU.ActiveCfg = Debug|Any CPU
		{BB0F0C5C-581E-45D2-A275-F2F7EE775583}.Debug|Any CPU.Build.0 = Debug|Any CPU
		{BB0F0C5C-581E-45D2-A275-F2F7EE775583}.Release|Any CPU.ActiveCfg = Release|Any CPU
		{BB0F0C5C-581E-45D2-A275-F2F7EE775583}.Release|Any CPU.Build.0 = Release|Any CPU
	EndGlobalSection
	GlobalSection(SolutionProperties) = preSolution
		HideSolutionNode = FALSE
	EndGlobalSection
	GlobalSection(ExtensibilityGlobals) = postSolution
		SolutionGuid = {B54C26DD-6BC1-4AE4-B5D7-2E5DFA5AC0C8}
	EndGlobalSection
EndGlobal
